
Microsoft Visual Studio Solution File, Format Version 12.00
# Visual Studio Version 16
VisualStudioVersion = 16.0.31321.278
MinimumVisualStudioVersion = 10.0.40219.1
Project("{FAE04EC0-301F-11D3-BF4B-00C04F79EFBC}") = "TestApplication.Android", "TestApplication\TestApplication.Android\TestApplication.Android.csproj", "{F37B0151-4332-48DE-82D5-2E24D46E4CB0}"
EndProject
Project("{FAE04EC0-301F-11D3-BF4B-00C04F79EFBC}") = "TestApplication", "TestApplication\TestApplication\TestApplication.csproj", "{53234575-9777-46A5-BB86-15A7E54DE7E7}"
EndProject
Global
	GlobalSection(SolutionConfigurationPlatforms) = preSolution
		Debug|Any CPU = Debug|Any CPU
		Release|Any CPU = Release|Any CPU
	EndGlobalSection
	GlobalSection(ProjectConfigurationPlatforms) = postSolution
		{F37B0151-4332-48DE-82D5-2E24D46E4CB0}.Debug|Any CPU.ActiveCfg = Debug|Any CPU
		{F37B0151-4332-48DE-82D5-2E24D46E4CB0}.Debug|Any CPU.Build.0 = Debug|Any CPU
		{F37B0151-4332-48DE-82D5-2E24D46E4CB0}.Debug|Any CPU.Deploy.0 = Debug|Any CPU
		{F37B0151-4332-48DE-82D5-2E24D46E4CB0}.Release|Any CPU.ActiveCfg = Release|Any CPU
		{F37B0151-4332-48DE-82D5-2E24D46E4CB0}.Release|Any CPU.Build.0 = Release|Any CPU
		{F37B0151-4332-48DE-82D5-2E24D46E4CB0}.Release|Any CPU.Deploy.0 = Release|Any CPU
		{53234575-9777-46A5-BB86-15A7E54DE7E7}.Debug|Any CPU.ActiveCfg = Debug|Any CPU
		{53234575-9777-46A5-BB86-15A7E54DE7E7}.Debug|Any CPU.Build.0 = Debug|Any CPU
		{53234575-9777-46A5-BB86-15A7E54DE7E7}.Debug|Any CPU.Deploy.0 = Debug|Any CPU
		{53234575-9777-46A5-BB86-15A7E54DE7E7}.Release|Any CPU.ActiveCfg = Release|Any CPU
		{53234575-9777-46A5-BB86-15A7E54DE7E7}.Release|Any CPU.Build.0 = Release|Any CPU
		{53234575-9777-46A5-BB86-15A7E54DE7E7}.Release|Any CPU.Deploy.0 = Release|Any CPU
	EndGlobalSection
	GlobalSection(SolutionProperties) = preSolution
		HideSolutionNode = FALSE
	EndGlobalSection
	GlobalSection(ExtensibilityGlobals) = postSolution
		SolutionGuid = {03039174-241A-4718-BC6B-203B7AD425C7}
	EndGlobalSection
EndGlobal
